// !$*UTF8*$!
{
	archiveVersion = 1;
	classes = {
	};
	objectVersion = 56;
	objects = {

/* Begin PBXBuildFile section */
		B2000000000000000000001 /* WhereMyOpenCodeApp.swift in Sources */ = {isa = PBXBuildFile; fileRef = B1000000000000000000001 /* WhereMyOpenCodeApp.swift */; };
		B2000000000000000000002 /* AppDelegate.swift in Sources */ = {isa = PBXBuildFile; fileRef = B1000000000000000000002 /* AppDelegate.swift */; };
		B2000000000000000000003 /* AppSettings.swift in Sources */ = {isa = PBXBuildFile; fileRef = B1000000000000000000003 /* AppSettings.swift */; };
		B2000000000000000000004 /* SettingsStore.swift in Sources */ = {isa = PBXBuildFile; fileRef = B1000000000000000000004 /* SettingsStore.swift */; };
		B2000000000000000000005 /* Project.swift in Sources */ = {isa = PBXBuildFile; fileRef = B1000000000000000000005 /* Project.swift */; };
		B2000000000000000000006 /* ProjectScanner.swift in Sources */ = {isa = PBXBuildFile; fileRef = B1000000000000000000006 /* ProjectScanner.swift */; };
		B2000000000000000000007 /* TrackedSession.swift in Sources */ = {isa = PBXBuildFile; fileRef = B1000000000000000000007 /* TrackedSession.swift */; };
		B2000000000000000000008 /* SessionStore.swift in Sources */ = {isa = PBXBuildFile; fileRef = B1000000000000000000008 /* SessionStore.swift */; };
		B2000000000000000000009 /* AppleScriptSupport.swift in Sources */ = {isa = PBXBuildFile; fileRef = B1000000000000000000009 /* AppleScriptSupport.swift */; };
		B200000000000000000000A /* AppleScriptRunner.swift in Sources */ = {isa = PBXBuildFile; fileRef = B100000000000000000000A /* AppleScriptRunner.swift */; };
		B200000000000000000000B /* KeyValuePayload.swift in Sources */ = {isa = PBXBuildFile; fileRef = B100000000000000000000B /* KeyValuePayload.swift */; };
		B200000000000000000000C /* RaiseWindowHandler.swift in Sources */ = {isa = PBXBuildFile; fileRef = B100000000000000000000C /* RaiseWindowHandler.swift */; };
		B200000000000000000000D /* RunningTerminalSession.swift in Sources */ = {isa = PBXBuildFile; fileRef = B100000000000000000000D /* RunningTerminalSession.swift */; };
		B200000000000000000000E /* TerminalSessionDriver.swift in Sources */ = {isa = PBXBuildFile; fileRef = B100000000000000000000E /* TerminalSessionDriver.swift */; };
		B200000000000000000000F /* TerminalSessionController.swift in Sources */ = {isa = PBXBuildFile; fileRef = B100000000000000000000F /* TerminalSessionController.swift */; };
		B2000000000000000000010 /* TerminalSessionMatcher.swift in Sources */ = {isa = PBXBuildFile; fileRef = B1000000000000000000010 /* TerminalSessionMatcher.swift */; };
		B2000000000000000000011 /* TerminalSessionError.swift in Sources */ = {isa = PBXBuildFile; fileRef = B1000000000000000000011 /* TerminalSessionError.swift */; };
		B2000000000000000000012 /* AppleTerminalDriver.swift in Sources */ = {isa = PBXBuildFile; fileRef = B1000000000000000000012 /* AppleTerminalDriver.swift */; };
		B2000000000000000000013 /* ITermDriver.swift in Sources */ = {isa = PBXBuildFile; fileRef = B1000000000000000000013 /* ITermDriver.swift */; };
		B2000000000000000000014 /* OpenCodeLauncher.swift in Sources */ = {isa = PBXBuildFile; fileRef = B1000000000000000000014 /* OpenCodeLauncher.swift */; };
		B2000000000000000000015 /* OpenCodeLaunchResult.swift in Sources */ = {isa = PBXBuildFile; fileRef = B1000000000000000000015 /* OpenCodeLaunchResult.swift */; };
		B2000000000000000000016 /* OpenCodeLauncherError.swift in Sources */ = {isa = PBXBuildFile; fileRef = B1000000000000000000016 /* OpenCodeLauncherError.swift */; };
		B2000000000000000000017 /* AppleTerminalLauncher.swift in Sources */ = {isa = PBXBuildFile; fileRef = B1000000000000000000017 /* AppleTerminalLauncher.swift */; };
		B2000000000000000000018 /* ITermLauncher.swift in Sources */ = {isa = PBXBuildFile; fileRef = B1000000000000000000018 /* ITermLauncher.swift */; };
		B2000000000000000000019 /* MenuBarView.swift in Sources */ = {isa = PBXBuildFile; fileRef = B1000000000000000000019 /* MenuBarView.swift */; };
		B200000000000000000001A /* MenuBarViewModel.swift in Sources */ = {isa = PBXBuildFile; fileRef = B100000000000000000001A /* MenuBarViewModel.swift */; };
		B200000000000000000001B /* MenuBarStatus.swift in Sources */ = {isa = PBXBuildFile; fileRef = B100000000000000000001B /* MenuBarStatus.swift */; };
		B200000000000000000001C /* MenuBarRowActionPolicy.swift in Sources */ = {isa = PBXBuildFile; fileRef = B100000000000000000001C /* MenuBarRowActionPolicy.swift */; };
		B200000000000000000001D /* OpenCodeRow.swift in Sources */ = {isa = PBXBuildFile; fileRef = B100000000000000000001D /* OpenCodeRow.swift */; };
		B200000000000000000001E /* LiveSessionsSection.swift in Sources */ = {isa = PBXBuildFile; fileRef = B100000000000000000001E /* LiveSessionsSection.swift */; };
		B200000000000000000001F /* RecentSection.swift in Sources */ = {isa = PBXBuildFile; fileRef = B100000000000000000001F /* RecentSection.swift */; };
		B2000000000000000000020 /* AllProjectsSection.swift in Sources */ = {isa = PBXBuildFile; fileRef = B1000000000000000000020 /* AllProjectsSection.swift */; };
		B2000000000000000000021 /* EmptyStateText.swift in Sources */ = {isa = PBXBuildFile; fileRef = B1000000000000000000021 /* EmptyStateText.swift */; };
		B2000000000000000000022 /* SettingsView.swift in Sources */ = {isa = PBXBuildFile; fileRef = B1000000000000000000022 /* SettingsView.swift */; };
		D20000000000000000000003 /* RadarPalette.swift in Sources */ = {isa = PBXBuildFile; fileRef = D10000000000000000000003 /* RadarPalette.swift */; };
		D20000000000000000000004 /* LocatorMark.swift in Sources */ = {isa = PBXBuildFile; fileRef = D10000000000000000000004 /* LocatorMark.swift */; };
		D20000000000000000000005 /* LocatorButtonStyle.swift in Sources */ = {isa = PBXBuildFile; fileRef = D10000000000000000000005 /* LocatorButtonStyle.swift */; };
		D20000000000000000000006 /* StatusLine.swift in Sources */ = {isa = PBXBuildFile; fileRef = D10000000000000000000006 /* StatusLine.swift */; };
		D20000000000000000000007 /* MenuBarHeader.swift in Sources */ = {isa = PBXBuildFile; fileRef = D10000000000000000000007 /* MenuBarHeader.swift */; };
		D20000000000000000000008 /* MenuBarFooter.swift in Sources */ = {isa = PBXBuildFile; fileRef = D10000000000000000000008 /* MenuBarFooter.swift */; };
		D20000000000000000000009 /* MenuBarSignalKind.swift in Sources */ = {isa = PBXBuildFile; fileRef = D10000000000000000000009 /* MenuBarSignalKind.swift */; };
		D2000000000000000000000A /* MenuBarSection.swift in Sources */ = {isa = PBXBuildFile; fileRef = D1000000000000000000000A /* MenuBarSection.swift */; };
		A10000000000000000000005 /* Assets.xcassets in Resources */ = {isa = PBXBuildFile; fileRef = A10000000000000000000016 /* Assets.xcassets */; };
		B4000000000000000000001 /* ProjectScannerTests.swift in Sources */ = {isa = PBXBuildFile; fileRef = B3000000000000000000001 /* ProjectScannerTests.swift */; };
		B4000000000000000000002 /* TrackedSessionTests.swift in Sources */ = {isa = PBXBuildFile; fileRef = B3000000000000000000002 /* TrackedSessionTests.swift */; };
		B4000000000000000000003 /* SessionStoreTests.swift in Sources */ = {isa = PBXBuildFile; fileRef = B3000000000000000000003 /* SessionStoreTests.swift */; };
		B4000000000000000000004 /* SettingsStoreTests.swift in Sources */ = {isa = PBXBuildFile; fileRef = B3000000000000000000004 /* SettingsStoreTests.swift */; };
		B4000000000000000000005 /* TerminalSessionControllerTests.swift in Sources */ = {isa = PBXBuildFile; fileRef = B3000000000000000000005 /* TerminalSessionControllerTests.swift */; };
		B4000000000000000000006 /* AppleTerminalDriverTests.swift in Sources */ = {isa = PBXBuildFile; fileRef = B3000000000000000000006 /* AppleTerminalDriverTests.swift */; };
		B4000000000000000000007 /* ITermDriverTests.swift in Sources */ = {isa = PBXBuildFile; fileRef = B3000000000000000000007 /* ITermDriverTests.swift */; };
		B4000000000000000000008 /* OpenCodeLauncherTests.swift in Sources */ = {isa = PBXBuildFile; fileRef = B3000000000000000000008 /* OpenCodeLauncherTests.swift */; };
		B4000000000000000000009 /* MenuBarViewModelTests.swift in Sources */ = {isa = PBXBuildFile; fileRef = B3000000000000000000009 /* MenuBarViewModelTests.swift */; };
		B400000000000000000000A /* TerminalScriptFixtures.swift in Sources */ = {isa = PBXBuildFile; fileRef = B300000000000000000000A /* TerminalScriptFixtures.swift */; };
/* End PBXBuildFile section */

/* Begin PBXContainerItemProxy section */
		A30000000000000000000081 /* PBXContainerItemProxy */ = {
			isa = PBXContainerItemProxy;
			containerPortal = A10000000000000000000060 /* Project object */;
			proxyType = 1;
			remoteGlobalIDString = A10000000000000000000040;
			remoteInfo = WhereMyOpenCode;
		};
/* End PBXContainerItemProxy section */

/* Begin PBXFileReference section */
		A10000000000000000000010 /* Where My OpenCode.app */ = {isa = PBXFileReference; explicitFileType = wrapper.application; includeInIndex = 0; path = "Where My OpenCode.app"; sourceTree = BUILT_PRODUCTS_DIR; };
		A30000000000000000000010 /* WhereMyOpenCodeTests.xctest */ = {isa = PBXFileReference; explicitFileType = wrapper.cfbundle; includeInIndex = 0; path = WhereMyOpenCodeTests.xctest; sourceTree = BUILT_PRODUCTS_DIR; };
		A10000000000000000000017 /* README.md */ = {isa = PBXFileReference; lastKnownFileType = net.daringfireball.markdown; path = README.md; sourceTree = "<group>"; };
		A10000000000000000000018 /* .gitignore */ = {isa = PBXFileReference; lastKnownFileType = text; path = .gitignore; sourceTree = "<group>"; };
		A10000000000000000000015 /* Info.plist */ = {isa = PBXFileReference; lastKnownFileType = text.plist.xml; path = Info.plist; sourceTree = "<group>"; };
		A10000000000000000000016 /* Assets.xcassets */ = {isa = PBXFileReference; lastKnownFileType = folder.assetcatalog; path = Assets.xcassets; sourceTree = "<group>"; };
		B1000000000000000000001 /* WhereMyOpenCodeApp.swift */ = {isa = PBXFileReference; lastKnownFileType = sourcecode.swift; path = WhereMyOpenCodeApp.swift; sourceTree = "<group>"; };
		B1000000000000000000002 /* AppDelegate.swift */ = {isa = PBXFileReference; lastKnownFileType = sourcecode.swift; path = AppDelegate.swift; sourceTree = "<group>"; };
		B1000000000000000000003 /* AppSettings.swift */ = {isa = PBXFileReference; lastKnownFileType = sourcecode.swift; path = AppSettings.swift; sourceTree = "<group>"; };
		B1000000000000000000004 /* SettingsStore.swift */ = {isa = PBXFileReference; lastKnownFileType = sourcecode.swift; path = SettingsStore.swift; sourceTree = "<group>"; };
		B1000000000000000000005 /* Project.swift */ = {isa = PBXFileReference; lastKnownFileType = sourcecode.swift; path = Project.swift; sourceTree = "<group>"; };
		B1000000000000000000006 /* ProjectScanner.swift */ = {isa = PBXFileReference; lastKnownFileType = sourcecode.swift; path = ProjectScanner.swift; sourceTree = "<group>"; };
		B1000000000000000000007 /* TrackedSession.swift */ = {isa = PBXFileReference; lastKnownFileType = sourcecode.swift; path = TrackedSession.swift; sourceTree = "<group>"; };
		B1000000000000000000008 /* SessionStore.swift */ = {isa = PBXFileReference; lastKnownFileType = sourcecode.swift; path = SessionStore.swift; sourceTree = "<group>"; };
		B1000000000000000000009 /* AppleScriptSupport.swift */ = {isa = PBXFileReference; lastKnownFileType = sourcecode.swift; path = AppleScriptSupport.swift; sourceTree = "<group>"; };
		B100000000000000000000A /* AppleScriptRunner.swift */ = {isa = PBXFileReference; lastKnownFileType = sourcecode.swift; path = AppleScriptRunner.swift; sourceTree = "<group>"; };
		B100000000000000000000B /* KeyValuePayload.swift */ = {isa = PBXFileReference; lastKnownFileType = sourcecode.swift; path = KeyValuePayload.swift; sourceTree = "<group>"; };
		B100000000000000000000C /* RaiseWindowHandler.swift */ = {isa = PBXFileReference; lastKnownFileType = sourcecode.swift; path = RaiseWindowHandler.swift; sourceTree = "<group>"; };
		B100000000000000000000D /* RunningTerminalSession.swift */ = {isa = PBXFileReference; lastKnownFileType = sourcecode.swift; path = RunningTerminalSession.swift; sourceTree = "<group>"; };
		B100000000000000000000E /* TerminalSessionDriver.swift */ = {isa = PBXFileReference; lastKnownFileType = sourcecode.swift; path = TerminalSessionDriver.swift; sourceTree = "<group>"; };
		B100000000000000000000F /* TerminalSessionController.swift */ = {isa = PBXFileReference; lastKnownFileType = sourcecode.swift; path = TerminalSessionController.swift; sourceTree = "<group>"; };
		B1000000000000000000010 /* TerminalSessionMatcher.swift */ = {isa = PBXFileReference; lastKnownFileType = sourcecode.swift; path = TerminalSessionMatcher.swift; sourceTree = "<group>"; };
		B1000000000000000000011 /* TerminalSessionError.swift */ = {isa = PBXFileReference; lastKnownFileType = sourcecode.swift; path = TerminalSessionError.swift; sourceTree = "<group>"; };
		B1000000000000000000012 /* AppleTerminalDriver.swift */ = {isa = PBXFileReference; lastKnownFileType = sourcecode.swift; path = AppleTerminalDriver.swift; sourceTree = "<group>"; };
		B1000000000000000000013 /* ITermDriver.swift */ = {isa = PBXFileReference; lastKnownFileType = sourcecode.swift; path = ITermDriver.swift; sourceTree = "<group>"; };
		B1000000000000000000014 /* OpenCodeLauncher.swift */ = {isa = PBXFileReference; lastKnownFileType = sourcecode.swift; path = OpenCodeLauncher.swift; sourceTree = "<group>"; };
		B1000000000000000000015 /* OpenCodeLaunchResult.swift */ = {isa = PBXFileReference; lastKnownFileType = sourcecode.swift; path = OpenCodeLaunchResult.swift; sourceTree = "<group>"; };
		B1000000000000000000016 /* OpenCodeLauncherError.swift */ = {isa = PBXFileReference; lastKnownFileType = sourcecode.swift; path = OpenCodeLauncherError.swift; sourceTree = "<group>"; };
		B1000000000000000000017 /* AppleTerminalLauncher.swift */ = {isa = PBXFileReference; lastKnownFileType = sourcecode.swift; path = AppleTerminalLauncher.swift; sourceTree = "<group>"; };
		B1000000000000000000018 /* ITermLauncher.swift */ = {isa = PBXFileReference; lastKnownFileType = sourcecode.swift; path = ITermLauncher.swift; sourceTree = "<group>"; };
		B1000000000000000000019 /* MenuBarView.swift */ = {isa = PBXFileReference; lastKnownFileType = sourcecode.swift; path = MenuBarView.swift; sourceTree = "<group>"; };
		B100000000000000000001A /* MenuBarViewModel.swift */ = {isa = PBXFileReference; lastKnownFileType = sourcecode.swift; path = MenuBarViewModel.swift; sourceTree = "<group>"; };
		B100000000000000000001B /* MenuBarStatus.swift */ = {isa = PBXFileReference; lastKnownFileType = sourcecode.swift; path = MenuBarStatus.swift; sourceTree = "<group>"; };
		B100000000000000000001C /* MenuBarRowActionPolicy.swift */ = {isa = PBXFileReference; lastKnownFileType = sourcecode.swift; path = MenuBarRowActionPolicy.swift; sourceTree = "<group>"; };
		B100000000000000000001D /* OpenCodeRow.swift */ = {isa = PBXFileReference; lastKnownFileType = sourcecode.swift; path = OpenCodeRow.swift; sourceTree = "<group>"; };
		B100000000000000000001E /* LiveSessionsSection.swift */ = {isa = PBXFileReference; lastKnownFileType = sourcecode.swift; path = LiveSessionsSection.swift; sourceTree = "<group>"; };
		B100000000000000000001F /* RecentSection.swift */ = {isa = PBXFileReference; lastKnownFileType = sourcecode.swift; path = RecentSection.swift; sourceTree = "<group>"; };
		B1000000000000000000020 /* AllProjectsSection.swift */ = {isa = PBXFileReference; lastKnownFileType = sourcecode.swift; path = AllProjectsSection.swift; sourceTree = "<group>"; };
		B1000000000000000000021 /* EmptyStateText.swift */ = {isa = PBXFileReference; lastKnownFileType = sourcecode.swift; path = EmptyStateText.swift; sourceTree = "<group>"; };
		B1000000000000000000022 /* SettingsView.swift */ = {isa = PBXFileReference; lastKnownFileType = sourcecode.swift; path = SettingsView.swift; sourceTree = "<group>"; };
		D10000000000000000000003 /* RadarPalette.swift */ = {isa = PBXFileReference; lastKnownFileType = sourcecode.swift; path = RadarPalette.swift; sourceTree = "<group>"; };
		D10000000000000000000004 /* LocatorMark.swift */ = {isa = PBXFileReference; lastKnownFileType = sourcecode.swift; path = LocatorMark.swift; sourceTree = "<group>"; };
		D10000000000000000000005 /* LocatorButtonStyle.swift */ = {isa = PBXFileReference; lastKnownFileType = sourcecode.swift; path = LocatorButtonStyle.swift; sourceTree = "<group>"; };
		D10000000000000000000006 /* StatusLine.swift */ = {isa = PBXFileReference; lastKnownFileType = sourcecode.swift; path = StatusLine.swift; sourceTree = "<group>"; };
		D10000000000000000000007 /* MenuBarHeader.swift */ = {isa = PBXFileReference; lastKnownFileType = sourcecode.swift; path = MenuBarHeader.swift; sourceTree = "<group>"; };
		D10000000000000000000008 /* MenuBarFooter.swift */ = {isa = PBXFileReference; lastKnownFileType = sourcecode.swift; path = MenuBarFooter.swift; sourceTree = "<group>"; };
		D10000000000000000000009 /* MenuBarSignalKind.swift */ = {isa = PBXFileReference; lastKnownFileType = sourcecode.swift; path = MenuBarSignalKind.swift; sourceTree = "<group>"; };
		D1000000000000000000000A /* MenuBarSection.swift */ = {isa = PBXFileReference; lastKnownFileType = sourcecode.swift; path = MenuBarSection.swift; sourceTree = "<group>"; };
		B3000000000000000000001 /* ProjectScannerTests.swift */ = {isa = PBXFileReference; lastKnownFileType = sourcecode.swift; path = ProjectScannerTests.swift; sourceTree = "<group>"; };
		B3000000000000000000002 /* TrackedSessionTests.swift */ = {isa = PBXFileReference; lastKnownFileType = sourcecode.swift; path = TrackedSessionTests.swift; sourceTree = "<group>"; };
		B3000000000000000000003 /* SessionStoreTests.swift */ = {isa = PBXFileReference; lastKnownFileType = sourcecode.swift; path = SessionStoreTests.swift; sourceTree = "<group>"; };
		B3000000000000000000004 /* SettingsStoreTests.swift */ = {isa = PBXFileReference; lastKnownFileType = sourcecode.swift; path = SettingsStoreTests.swift; sourceTree = "<group>"; };
		B3000000000000000000005 /* TerminalSessionControllerTests.swift */ = {isa = PBXFileReference; lastKnownFileType = sourcecode.swift; path = TerminalSessionControllerTests.swift; sourceTree = "<group>"; };
		B3000000000000000000006 /* AppleTerminalDriverTests.swift */ = {isa = PBXFileReference; lastKnownFileType = sourcecode.swift; path = AppleTerminalDriverTests.swift; sourceTree = "<group>"; };
		B3000000000000000000007 /* ITermDriverTests.swift */ = {isa = PBXFileReference; lastKnownFileType = sourcecode.swift; path = ITermDriverTests.swift; sourceTree = "<group>"; };
		B3000000000000000000008 /* OpenCodeLauncherTests.swift */ = {isa = PBXFileReference; lastKnownFileType = sourcecode.swift; path = OpenCodeLauncherTests.swift; sourceTree = "<group>"; };
		B3000000000000000000009 /* MenuBarViewModelTests.swift */ = {isa = PBXFileReference; lastKnownFileType = sourcecode.swift; path = MenuBarViewModelTests.swift; sourceTree = "<group>"; };
		B300000000000000000000A /* TerminalScriptFixtures.swift */ = {isa = PBXFileReference; lastKnownFileType = sourcecode.swift; path = TerminalScriptFixtures.swift; sourceTree = "<group>"; };
/* End PBXFileReference section */

/* Begin PBXFrameworksBuildPhase section */
		A10000000000000000000020 /* Frameworks */ = {
			isa = PBXFrameworksBuildPhase;
			buildActionMask = 2147483647;
			files = (
			);
			runOnlyForDeploymentPostprocessing = 0;
		};
		A30000000000000000000020 /* Frameworks */ = {
			isa = PBXFrameworksBuildPhase;
			buildActionMask = 2147483647;
			files = (
			);
			runOnlyForDeploymentPostprocessing = 0;
		};
/* End PBXFrameworksBuildPhase section */

/* Begin PBXGroup section */
		A10000000000000000000030 = {
			isa = PBXGroup;
			children = (
				A10000000000000000000017 /* README.md */,
				A10000000000000000000018 /* .gitignore */,
				A10000000000000000000031 /* WhereMyOpenCode */,
				A30000000000000000000030 /* WhereMyOpenCodeTests */,
				A10000000000000000000034 /* Products */,
			);
			sourceTree = "<group>";
		};
		A10000000000000000000031 /* WhereMyOpenCode */ = {
			isa = PBXGroup;
			children = (
				B70000000000000000000001 /* App */,
				B70000000000000000000002 /* Models */,
				B70000000000000000000003 /* Features */,
				B70000000000000000000004 /* Services */,
				B70000000000000000000005 /* Shared */,
				A10000000000000000000015 /* Info.plist */,
				A10000000000000000000016 /* Assets.xcassets */,
			);
			path = WhereMyOpenCode;
			sourceTree = "<group>";
		};
		B70000000000000000000001 /* App */ = {
			isa = PBXGroup;
			children = (
				B1000000000000000000001 /* WhereMyOpenCodeApp.swift */,
				B1000000000000000000002 /* AppDelegate.swift */,
			);
			path = App;
			sourceTree = "<group>";
		};
		B70000000000000000000002 /* Models */ = {
			isa = PBXGroup;
			children = (
				B1000000000000000000003 /* AppSettings.swift */,
				B1000000000000000000005 /* Project.swift */,
				B1000000000000000000007 /* TrackedSession.swift */,
				B100000000000000000000D /* RunningTerminalSession.swift */,
				B1000000000000000000015 /* OpenCodeLaunchResult.swift */,
			);
			path = Models;
			sourceTree = "<group>";
		};
		B70000000000000000000003 /* Features */ = {
			isa = PBXGroup;
			children = (
				B7000000000000000000000B /* MenuBar */,
				B7000000000000000000000D /* Settings */,
			);
			path = Features;
			sourceTree = "<group>";
		};
		B70000000000000000000004 /* Services */ = {
			isa = PBXGroup;
			children = (
				B70000000000000000000006 /* ProjectDiscovery */,
				B70000000000000000000007 /* Storage */,
				B70000000000000000000008 /* OpenCodeLaunch */,
				B70000000000000000000009 /* TerminalSessions */,
				B7000000000000000000000A /* AppleScript */,
			);
			path = Services;
			sourceTree = "<group>";
		};
		B70000000000000000000005 /* Shared */ = {
			isa = PBXGroup;
			children = (
				B7000000000000000000000E /* UI */,
			);
			path = Shared;
			sourceTree = "<group>";
		};
		B70000000000000000000006 /* ProjectDiscovery */ = {
			isa = PBXGroup;
			children = (
				B1000000000000000000006 /* ProjectScanner.swift */,
			);
			path = ProjectDiscovery;
			sourceTree = "<group>";
		};
		B70000000000000000000007 /* Storage */ = {
			isa = PBXGroup;
			children = (
				B1000000000000000000004 /* SettingsStore.swift */,
				B1000000000000000000008 /* SessionStore.swift */,
			);
			path = Storage;
			sourceTree = "<group>";
		};
		B70000000000000000000008 /* OpenCodeLaunch */ = {
			isa = PBXGroup;
			children = (
				B1000000000000000000014 /* OpenCodeLauncher.swift */,
				B1000000000000000000016 /* OpenCodeLauncherError.swift */,
				B1000000000000000000017 /* AppleTerminalLauncher.swift */,
				B1000000000000000000018 /* ITermLauncher.swift */,
			);
			path = OpenCodeLaunch;
			sourceTree = "<group>";
		};
		B70000000000000000000009 /* TerminalSessions */ = {
			isa = PBXGroup;
			children = (
				B100000000000000000000E /* TerminalSessionDriver.swift */,
				B100000000000000000000F /* TerminalSessionController.swift */,
				B1000000000000000000010 /* TerminalSessionMatcher.swift */,
				B1000000000000000000011 /* TerminalSessionError.swift */,
				B1000000000000000000012 /* AppleTerminalDriver.swift */,
				B1000000000000000000013 /* ITermDriver.swift */,
			);
			path = TerminalSessions;
			sourceTree = "<group>";
		};
		B7000000000000000000000A /* AppleScript */ = {
			isa = PBXGroup;
			children = (
				B1000000000000000000009 /* AppleScriptSupport.swift */,
				B100000000000000000000A /* AppleScriptRunner.swift */,
				B100000000000000000000B /* KeyValuePayload.swift */,
				B100000000000000000000C /* RaiseWindowHandler.swift */,
			);
			path = AppleScript;
			sourceTree = "<group>";
		};
		B7000000000000000000000B /* MenuBar */ = {
			isa = PBXGroup;
			children = (
				B1000000000000000000019 /* MenuBarView.swift */,
				B100000000000000000001A /* MenuBarViewModel.swift */,
				B100000000000000000001B /* MenuBarStatus.swift */,
				B100000000000000000001C /* MenuBarRowActionPolicy.swift */,
				D10000000000000000000007 /* MenuBarHeader.swift */,
				D10000000000000000000008 /* MenuBarFooter.swift */,
				B7000000000000000000000C /* Components */,
			);
			path = MenuBar;
			sourceTree = "<group>";
		};
		B7000000000000000000000C /* Components */ = {
			isa = PBXGroup;
			children = (
				D10000000000000000000009 /* MenuBarSignalKind.swift */,
				D1000000000000000000000A /* MenuBarSection.swift */,
				B100000000000000000001D /* OpenCodeRow.swift */,
				B100000000000000000001E /* LiveSessionsSection.swift */,
				B100000000000000000001F /* RecentSection.swift */,
				B1000000000000000000020 /* AllProjectsSection.swift */,
			);
			path = Components;
			sourceTree = "<group>";
		};
		B7000000000000000000000D /* Settings */ = {
			isa = PBXGroup;
			children = (
				B1000000000000000000022 /* SettingsView.swift */,
			);
			path = Settings;
			sourceTree = "<group>";
		};
		B7000000000000000000000E /* UI */ = {
			isa = PBXGroup;
			children = (
				D10000000000000000000003 /* RadarPalette.swift */,
				D10000000000000000000004 /* LocatorMark.swift */,
				D10000000000000000000005 /* LocatorButtonStyle.swift */,
				D10000000000000000000006 /* StatusLine.swift */,
				B1000000000000000000021 /* EmptyStateText.swift */,
			);
			path = UI;
			sourceTree = "<group>";
		};
		A10000000000000000000034 /* Products */ = {
			isa = PBXGroup;
			children = (
				A10000000000000000000010 /* Where My OpenCode.app */,
				A30000000000000000000010 /* WhereMyOpenCodeTests.xctest */,
			);
			name = Products;
			sourceTree = "<group>";
		};
		A30000000000000000000030 /* WhereMyOpenCodeTests */ = {
			isa = PBXGroup;
			children = (
				B3000000000000000000001 /* ProjectScannerTests.swift */,
				B3000000000000000000002 /* TrackedSessionTests.swift */,
				B3000000000000000000003 /* SessionStoreTests.swift */,
				B3000000000000000000004 /* SettingsStoreTests.swift */,
				B60000000000000000000001 /* Terminal */,
				B60000000000000000000002 /* Launch */,
				B60000000000000000000003 /* MenuBar */,
				B60000000000000000000004 /* Support */,
			);
			path = WhereMyOpenCodeTests;
			sourceTree = "<group>";
		};
		B60000000000000000000001 /* Terminal */ = {
			isa = PBXGroup;
			children = (
				B3000000000000000000005 /* TerminalSessionControllerTests.swift */,
				B3000000000000000000006 /* AppleTerminalDriverTests.swift */,
				B3000000000000000000007 /* ITermDriverTests.swift */,
			);
			path = Terminal;
			sourceTree = "<group>";
		};
		B60000000000000000000002 /* Launch */ = {
			isa = PBXGroup;
			children = (
				B3000000000000000000008 /* OpenCodeLauncherTests.swift */,
			);
			path = Launch;
			sourceTree = "<group>";
		};
		B60000000000000000000003 /* MenuBar */ = {
			isa = PBXGroup;
			children = (
				B3000000000000000000009 /* MenuBarViewModelTests.swift */,
			);
			path = MenuBar;
			sourceTree = "<group>";
		};
		B60000000000000000000004 /* Support */ = {
			isa = PBXGroup;
			children = (
				B300000000000000000000A /* TerminalScriptFixtures.swift */,
			);
			path = Support;
			sourceTree = "<group>";
		};
/* End PBXGroup section */

/* Begin PBXNativeTarget section */
		A10000000000000000000040 /* WhereMyOpenCode */ = {
			isa = PBXNativeTarget;
			buildConfigurationList = A10000000000000000000070 /* Build configuration list for PBXNativeTarget "WhereMyOpenCode" */;
			buildPhases = (
				A10000000000000000000050 /* Sources */,
				A10000000000000000000020 /* Frameworks */,
				A10000000000000000000051 /* Resources */,
			);
			buildRules = (
			);
			dependencies = (
			);
			name = WhereMyOpenCode;
			productName = WhereMyOpenCode;
			productReference = A10000000000000000000010 /* Where My OpenCode.app */;
			productType = "com.apple.product-type.application";
		};
		A30000000000000000000040 /* WhereMyOpenCodeTests */ = {
			isa = PBXNativeTarget;
			buildConfigurationList = A30000000000000000000070 /* Build configuration list for PBXNativeTarget "WhereMyOpenCodeTests" */;
			buildPhases = (
				A30000000000000000000050 /* Sources */,
				A30000000000000000000020 /* Frameworks */,
				A30000000000000000000051 /* Resources */,
			);
			buildRules = (
			);
			dependencies = (
				A30000000000000000000080 /* PBXTargetDependency */,
			);
			name = WhereMyOpenCodeTests;
			productName = WhereMyOpenCodeTests;
			productReference = A30000000000000000000010 /* WhereMyOpenCodeTests.xctest */;
			productType = "com.apple.product-type.bundle.unit-test";
		};
/* End PBXNativeTarget section */

/* Begin PBXProject section */
		A10000000000000000000060 /* Project object */ = {
			isa = PBXProject;
			attributes = {
				BuildIndependentTargetsInParallel = 1;
				LastSwiftUpdateCheck = 2640;
				LastUpgradeCheck = 2640;
				TargetAttributes = {
					A10000000000000000000040 = {
						CreatedOnToolsVersion = 26.4;
						LastSwiftMigration = 2640;
					};
					A30000000000000000000040 = {
						CreatedOnToolsVersion = 26.4;
						TestTargetID = A10000000000000000000040;
					};
				};
			};
			buildConfigurationList = A10000000000000000000061 /* Build configuration list for PBXProject "WhereMyOpenCode" */;
			compatibilityVersion = "Xcode 14.0";
			developmentRegion = en;
			hasScannedForEncodings = 0;
			knownRegions = (
				en,
				Base,
			);
			mainGroup = A10000000000000000000030;
			productRefGroup = A10000000000000000000034 /* Products */;
			projectDirPath = "";
			projectRoot = "";
			targets = (
				A10000000000000000000040 /* WhereMyOpenCode */,
				A30000000000000000000040 /* WhereMyOpenCodeTests */,
			);
		};
/* End PBXProject section */

/* Begin PBXResourcesBuildPhase section */
		A10000000000000000000051 /* Resources */ = {
			isa = PBXResourcesBuildPhase;
			buildActionMask = 2147483647;
			files = (
				A10000000000000000000005 /* Assets.xcassets in Resources */,
			);
			runOnlyForDeploymentPostprocessing = 0;
		};
		A30000000000000000000051 /* Resources */ = {
			isa = PBXResourcesBuildPhase;
			buildActionMask = 2147483647;
			files = (
			);
			runOnlyForDeploymentPostprocessing = 0;
		};
/* End PBXResourcesBuildPhase section */

/* Begin PBXSourcesBuildPhase section */
		A10000000000000000000050 /* Sources */ = {
			isa = PBXSourcesBuildPhase;
			buildActionMask = 2147483647;
			files = (
				B2000000000000000000001 /* WhereMyOpenCodeApp.swift in Sources */,
				B2000000000000000000002 /* AppDelegate.swift in Sources */,
				B2000000000000000000003 /* AppSettings.swift in Sources */,
				B2000000000000000000004 /* SettingsStore.swift in Sources */,
				B2000000000000000000005 /* Project.swift in Sources */,
				B2000000000000000000006 /* ProjectScanner.swift in Sources */,
				B2000000000000000000007 /* TrackedSession.swift in Sources */,
				B2000000000000000000008 /* SessionStore.swift in Sources */,
				B2000000000000000000009 /* AppleScriptSupport.swift in Sources */,
				B200000000000000000000A /* AppleScriptRunner.swift in Sources */,
				B200000000000000000000B /* KeyValuePayload.swift in Sources */,
				B200000000000000000000C /* RaiseWindowHandler.swift in Sources */,
				B200000000000000000000D /* RunningTerminalSession.swift in Sources */,
				B200000000000000000000E /* TerminalSessionDriver.swift in Sources */,
				B200000000000000000000F /* TerminalSessionController.swift in Sources */,
				B2000000000000000000010 /* TerminalSessionMatcher.swift in Sources */,
				B2000000000000000000011 /* TerminalSessionError.swift in Sources */,
				B2000000000000000000012 /* AppleTerminalDriver.swift in Sources */,
				B2000000000000000000013 /* ITermDriver.swift in Sources */,
				B2000000000000000000014 /* OpenCodeLauncher.swift in Sources */,
				B2000000000000000000015 /* OpenCodeLaunchResult.swift in Sources */,
				B2000000000000000000016 /* OpenCodeLauncherError.swift in Sources */,
				B2000000000000000000017 /* AppleTerminalLauncher.swift in Sources */,
				B2000000000000000000018 /* ITermLauncher.swift in Sources */,
				B2000000000000000000019 /* MenuBarView.swift in Sources */,
				B200000000000000000001A /* MenuBarViewModel.swift in Sources */,
				B200000000000000000001B /* MenuBarStatus.swift in Sources */,
				B200000000000000000001C /* MenuBarRowActionPolicy.swift in Sources */,
				B200000000000000000001D /* OpenCodeRow.swift in Sources */,
				B200000000000000000001E /* LiveSessionsSection.swift in Sources */,
				B200000000000000000001F /* RecentSection.swift in Sources */,
				B2000000000000000000020 /* AllProjectsSection.swift in Sources */,
				B2000000000000000000021 /* EmptyStateText.swift in Sources */,
				B2000000000000000000022 /* SettingsView.swift in Sources */,
				D20000000000000000000003 /* RadarPalette.swift in Sources */,
				D20000000000000000000004 /* LocatorMark.swift in Sources */,
				D20000000000000000000005 /* LocatorButtonStyle.swift in Sources */,
				D20000000000000000000006 /* StatusLine.swift in Sources */,
				D20000000000000000000007 /* MenuBarHeader.swift in Sources */,
				D20000000000000000000008 /* MenuBarFooter.swift in Sources */,
				D20000000000000000000009 /* MenuBarSignalKind.swift in Sources */,
				D2000000000000000000000A /* MenuBarSection.swift in Sources */,
			);
			runOnlyForDeploymentPostprocessing = 0;
		};
		A30000000000000000000050 /* Sources */ = {
			isa = PBXSourcesBuildPhase;
			buildActionMask = 2147483647;
			files = (
				B4000000000000000000001 /* ProjectScannerTests.swift in Sources */,
				B4000000000000000000002 /* TrackedSessionTests.swift in Sources */,
				B4000000000000000000003 /* SessionStoreTests.swift in Sources */,
				B4000000000000000000004 /* SettingsStoreTests.swift in Sources */,
				B4000000000000000000005 /* TerminalSessionControllerTests.swift in Sources */,
				B4000000000000000000006 /* AppleTerminalDriverTests.swift in Sources */,
				B4000000000000000000007 /* ITermDriverTests.swift in Sources */,
				B4000000000000000000008 /* OpenCodeLauncherTests.swift in Sources */,
				B4000000000000000000009 /* MenuBarViewModelTests.swift in Sources */,
				B400000000000000000000A /* TerminalScriptFixtures.swift in Sources */,
			);
			runOnlyForDeploymentPostprocessing = 0;
		};
/* End PBXSourcesBuildPhase section */

/* Begin PBXTargetDependency section */
		A30000000000000000000080 /* PBXTargetDependency */ = {
			isa = PBXTargetDependency;
			target = A10000000000000000000040 /* WhereMyOpenCode */;
			targetProxy = A30000000000000000000081 /* PBXContainerItemProxy */;
		};
/* End PBXTargetDependency section */

/* Begin XCBuildConfiguration section */
		A10000000000000000000062 /* Debug */ = {
			isa = XCBuildConfiguration;
			buildSettings = {
				CLANG_ENABLE_MODULES = YES;
				COPY_PHASE_STRIP = NO;
				DEBUG_INFORMATION_FORMAT = dwarf;
				ENABLE_STRICT_OBJC_MSGSEND = YES;
				ENABLE_TESTABILITY = YES;
				GCC_C_LANGUAGE_STANDARD = gnu17;
				GCC_DYNAMIC_NO_PIC = NO;
				GCC_NO_COMMON_BLOCKS = YES;
				GCC_OPTIMIZATION_LEVEL = 0;
				GCC_PREPROCESSOR_DEFINITIONS = (
					"DEBUG=1",
					"$(inherited)",
				);
				GCC_WARN_64_TO_32_BIT_CONVERSION = YES;
				GCC_WARN_ABOUT_RETURN_TYPE = YES_ERROR;
				GCC_WARN_UNDECLARED_SELECTOR = YES;
				GCC_WARN_UNINITIALIZED_AUTOS = YES_AGGRESSIVE;
				GCC_WARN_UNUSED_FUNCTION = YES;
				GCC_WARN_UNUSED_VARIABLE = YES;
				MACOSX_DEPLOYMENT_TARGET = 14.0;
				MTL_ENABLE_DEBUG_INFO = INCLUDE_SOURCE;
				ONLY_ACTIVE_ARCH = YES;
				SDKROOT = macosx;
				SWIFT_ACTIVE_COMPILATION_CONDITIONS = DEBUG;
				SWIFT_OPTIMIZATION_LEVEL = "-Onone";
				SWIFT_VERSION = 6.0;
			};
			name = Debug;
		};
		A10000000000000000000063 /* Release */ = {
			isa = XCBuildConfiguration;
			buildSettings = {
				CLANG_ENABLE_MODULES = YES;
				COPY_PHASE_STRIP = NO;
				DEBUG_INFORMATION_FORMAT = "dwarf-with-dsym";
				ENABLE_NS_ASSERTIONS = NO;
				ENABLE_STRICT_OBJC_MSGSEND = YES;
				GCC_C_LANGUAGE_STANDARD = gnu17;
				GCC_NO_COMMON_BLOCKS = YES;
				GCC_WARN_64_TO_32_BIT_CONVERSION = YES;
				GCC_WARN_ABOUT_RETURN_TYPE = YES_ERROR;
				GCC_WARN_UNDECLARED_SELECTOR = YES;
				GCC_WARN_UNINITIALIZED_AUTOS = YES_AGGRESSIVE;
				GCC_WARN_UNUSED_FUNCTION = YES;
				GCC_WARN_UNUSED_VARIABLE = YES;
				MACOSX_DEPLOYMENT_TARGET = 14.0;
				MTL_ENABLE_DEBUG_INFO = NO;
				SDKROOT = macosx;
				SWIFT_COMPILATION_MODE = wholemodule;
				SWIFT_OPTIMIZATION_LEVEL = "-O";
				SWIFT_VERSION = 6.0;
			};
			name = Release;
		};
		A10000000000000000000071 /* Debug */ = {
			isa = XCBuildConfiguration;
			buildSettings = {
				ASSETCATALOG_COMPILER_ACCENT_COLOR_NAME = AccentColor;
				ASSETCATALOG_COMPILER_APPICON_NAME = AppIcon;
				CODE_SIGN_IDENTITY = "-";
				CODE_SIGN_STYLE = Manual;
				COMBINE_HIDPI_IMAGES = YES;
				CURRENT_PROJECT_VERSION = 1;
				DEVELOPMENT_TEAM = "";
				ENABLE_HARDENED_RUNTIME = YES;
				GENERATE_INFOPLIST_FILE = NO;
				INFOPLIST_FILE = WhereMyOpenCode/Info.plist;
				LD_RUNPATH_SEARCH_PATHS = (
					"$(inherited)",
					"@executable_path/../Frameworks",
				);
				MACOSX_DEPLOYMENT_TARGET = 14.0;
				MARKETING_VERSION = 0.2.0;
				PRODUCT_BUNDLE_IDENTIFIER = "com.choejuwon.where-my-opencode";
				PRODUCT_BUNDLE_PACKAGE_TYPE = APPL;
				PRODUCT_NAME = "Where My OpenCode";
				SDKROOT = macosx;
				SUPPORTED_PLATFORMS = macosx;
				SWIFT_EMIT_LOC_STRINGS = YES;
				SWIFT_VERSION = 6.0;
			};
			name = Debug;
		};
		A10000000000000000000072 /* Release */ = {
			isa = XCBuildConfiguration;
			buildSettings = {
				ASSETCATALOG_COMPILER_ACCENT_COLOR_NAME = AccentColor;
				ASSETCATALOG_COMPILER_APPICON_NAME = AppIcon;
				CODE_SIGN_IDENTITY = "-";
				CODE_SIGN_STYLE = Manual;
				COMBINE_HIDPI_IMAGES = YES;
				CURRENT_PROJECT_VERSION = 1;
				DEVELOPMENT_TEAM = "";
				ENABLE_HARDENED_RUNTIME = YES;
				GENERATE_INFOPLIST_FILE = NO;
				INFOPLIST_FILE = WhereMyOpenCode/Info.plist;
				LD_RUNPATH_SEARCH_PATHS = (
					"$(inherited)",
					"@executable_path/../Frameworks",
				);
				MACOSX_DEPLOYMENT_TARGET = 14.0;
				MARKETING_VERSION = 0.2.0;
				PRODUCT_BUNDLE_IDENTIFIER = "com.choejuwon.where-my-opencode";
				PRODUCT_BUNDLE_PACKAGE_TYPE = APPL;
				PRODUCT_NAME = "Where My OpenCode";
				SDKROOT = macosx;
				SUPPORTED_PLATFORMS = macosx;
				SWIFT_EMIT_LOC_STRINGS = YES;
				SWIFT_VERSION = 6.0;
			};
			name = Release;
		};
		A30000000000000000000071 /* Debug */ = {
			isa = XCBuildConfiguration;
			buildSettings = {
				BUNDLE_LOADER = "$(TEST_HOST)";
				CODE_SIGN_IDENTITY = "-";
				CODE_SIGN_STYLE = Manual;
				CURRENT_PROJECT_VERSION = 1;
				DEVELOPMENT_TEAM = "";
				GENERATE_INFOPLIST_FILE = YES;
				LD_RUNPATH_SEARCH_PATHS = (
					"$(inherited)",
					"@executable_path/../Frameworks",
					"@loader_path/../Frameworks",
				);
				MACOSX_DEPLOYMENT_TARGET = 14.0;
				MARKETING_VERSION = 0.1.0;
				PRODUCT_BUNDLE_IDENTIFIER = "com.choejuwon.where-my-opencode.tests";
				PRODUCT_NAME = "$(TARGET_NAME)";
				SDKROOT = macosx;
				SUPPORTED_PLATFORMS = macosx;
				SWIFT_VERSION = 6.0;
				TEST_HOST = "$(BUILT_PRODUCTS_DIR)/Where My OpenCode.app/Contents/MacOS/Where My OpenCode";
			};
			name = Debug;
		};
		A30000000000000000000072 /* Release */ = {
			isa = XCBuildConfiguration;
			buildSettings = {
				BUNDLE_LOADER = "$(TEST_HOST)";
				CODE_SIGN_IDENTITY = "-";
				CODE_SIGN_STYLE = Manual;
				CURRENT_PROJECT_VERSION = 1;
				DEVELOPMENT_TEAM = "";
				GENERATE_INFOPLIST_FILE = YES;
				LD_RUNPATH_SEARCH_PATHS = (
					"$(inherited)",
					"@executable_path/../Frameworks",
					"@loader_path/../Frameworks",
				);
				MACOSX_DEPLOYMENT_TARGET = 14.0;
				MARKETING_VERSION = 0.1.0;
				PRODUCT_BUNDLE_IDENTIFIER = "com.choejuwon.where-my-opencode.tests";
				PRODUCT_NAME = "$(TARGET_NAME)";
				SDKROOT = macosx;
				SUPPORTED_PLATFORMS = macosx;
				SWIFT_VERSION = 6.0;
				TEST_HOST = "$(BUILT_PRODUCTS_DIR)/Where My OpenCode.app/Contents/MacOS/Where My OpenCode";
			};
			name = Release;
		};
/* End XCBuildConfiguration section */

/* Begin XCConfigurationList section */
		A10000000000000000000061 /* Build configuration list for PBXProject "WhereMyOpenCode" */ = {
			isa = XCConfigurationList;
			buildConfigurations = (
				A10000000000000000000062 /* Debug */,
				A10000000000000000000063 /* Release */,
			);
			defaultConfigurationIsVisible = 0;
			defaultConfigurationName = Release;
		};
		A10000000000000000000070 /* Build configuration list for PBXNativeTarget "WhereMyOpenCode" */ = {
			isa = XCConfigurationList;
			buildConfigurations = (
				A10000000000000000000071 /* Debug */,
				A10000000000000000000072 /* Release */,
			);
			defaultConfigurationIsVisible = 0;
			defaultConfigurationName = Release;
		};
		A30000000000000000000070 /* Build configuration list for PBXNativeTarget "WhereMyOpenCodeTests" */ = {
			isa = XCConfigurationList;
			buildConfigurations = (
				A30000000000000000000071 /* Debug */,
				A30000000000000000000072 /* Release */,
			);
			defaultConfigurationIsVisible = 0;
			defaultConfigurationName = Release;
		};
/* End XCConfigurationList section */
	};
	rootObject = A10000000000000000000060 /* Project object */;
}
